<?xml version="1.0" encoding="utf-8"?>
<Project ToolsVersion="4.0" xmlns="http://schemas.microsoft.com/developer/msbuild/2003">
  <ItemGroup>
    <Filter Include="Source Files">
      <UniqueIdentifier>{4FC737F1-C7A5-4376-A066-2A32D752A2FF}</UniqueIdentifier>
      <Extensions>cpp;c;cc;cxx;c++;cppm;ixx;def;odl;idl;hpj;bat;asm;asmx</Extensions>
    </Filter>
    <Filter Include="Header Files">
      <UniqueIdentifier>{93995380-89BD-4b04-88EB-625FBE52EBFB}</UniqueIdentifier>
      <Extensions>h;hh;hpp;hxx;h++;hm;inl;inc;ipp;xsd</Extensions>
    </Filter>
    <Filter Include="Resource Files">
      <UniqueIdentifier>{67DA6AB6-F800-4c08-8B7A-83BB121AAD01}</UniqueIdentifier>
      <Extensions>rc;ico;cur;bmp;dlg;rc2;rct;bin;rgs;gif;jpg;jpeg;jpe;resx;tiff;tif;png;wav;mfcribbon-ms</Extensions>
    </Filter>
  </ItemGroup>
  <ItemGroup>
    <ClCompile Include="Techno.cpp">
      <Filter>Source Files</Filter>
    </ClCompile>
    <ClCompile Include="Util\Util.cpp">
      <Filter>Source Files</Filter>
    </ClCompile>
    <ClCompile Include="includes\Memory\InputManager.cpp">
      <Filter>Source Files</Filter>
    </ClCompile>
    <ClCompile Include="includes\Memory\Memory.cpp">
      <Filter>Source Files</Filter>
    </ClCompile>
    <ClCompile Include="includes\Memory\Registry.cpp">
      <Filter>Source Files</Filter>
    </ClCompile>
    <ClCompile Include="includes\Memory\Shellcode.cpp">
      <Filter>Source Files</Filter>
    </ClCompile>
    <ClCompile Include="pch.cpp">
      <Filter>Source Files</Filter>
    </ClCompile>
    <ClCompile Include="Util\Offsets.h">
      <Filter>Header Files</Filter>
    </ClCompile>
    <ClCompile Include="Util\Instance.cpp">
      <Filter>Source Files</Filter>
    </ClCompile>
    <ClCompile Include="Handlers\LuaHandler.cpp">
      <Filter>Source Files</Filter>
    </ClCompile>
    <ClCompile Include="Util\Globals.cpp">
      <Filter>Source Files</Filter>
    </ClCompile>
    <ClCompile Include="includes\imgui\imgui.cpp">
      <Filter>Source Files</Filter>
    </ClCompile>
    <ClCompile Include="includes\imgui\imgui_draw.cpp">
      <Filter>Source Files</Filter>
    </ClCompile>
    <ClCompile Include="includes\imgui\imgui_impl_dx11.cpp">
      <Filter>Source Files</Filter>
    </ClCompile>
    <ClCompile Include="includes\imgui\imgui_impl_win32.cpp">
      <Filter>Source Files</Filter>
    </ClCompile>
    <ClCompile Include="includes\imgui\imgui_tables.cpp">
      <Filter>Source Files</Filter>
    </ClCompile>
    <ClCompile Include="includes\imgui\imgui_widgets.cpp">
      <Filter>Source Files</Filter>
    </ClCompile>
    <ClCompile Include="Handlers\ImguiHandler.cpp">
      <Filter>Source Files</Filter>
    </ClCompile>
    <ClCompile Include="Handlers\KeybindHandler.cpp">
      <Filter>Source Files</Filter>
    </ClCompile>
    <ClCompile Include="Handlers\DrawingHandler.cpp">
      <Filter>Source Files</Filter>
    </ClCompile>
  </ItemGroup>
  <ItemGroup>
    <ClInclude Include="Util\Util.h">
      <Filter>Header Files</Filter>
    </ClInclude>
    <ClInclude Include="includes\Memory\InputManager.h">
      <Filter>Header Files</Filter>
    </ClInclude>
    <ClInclude Include="includes\Memory\Memory.h">
      <Filter>Header Files</Filter>
    </ClInclude>
    <ClInclude Include="includes\Memory\Registry.h">
      <Filter>Header Files</Filter>
    </ClInclude>
    <ClInclude Include="includes\Memory\Shellcode.h">
      <Filter>Header Files</Filter>
    </ClInclude>
    <ClInclude Include="libs\leechcore.h">
      <Filter>Header Files</Filter>
    </ClInclude>
    <ClInclude Include="libs\vmmdll.h">
      <Filter>Header Files</Filter>
    </ClInclude>
    <ClInclude Include="pch.h">
      <Filter>Header Files</Filter>
    </ClInclude>
    <ClInclude Include="includes\nt\structs.h">
      <Filter>Header Files</Filter>
    </ClInclude>
    <ClInclude Include="Util\Instance.h">
      <Filter>Header Files</Filter>
    </ClInclude>
    <ClInclude Include="Util\Globals.h">
      <Filter>Header Files</Filter>
    </ClInclude>
    <ClInclude Include="Handlers\LuaHandler.h">
      <Filter>Header Files</Filter>
    </ClInclude>
    <ClInclude Include="includes\sol\abort.hpp">
      <Filter>Header Files</Filter>
    </ClInclude>
    <ClInclude Include="includes\sol\assert.hpp">
      <Filter>Header Files</Filter>
    </ClInclude>
    <ClInclude Include="includes\sol\as_args.hpp">
      <Filter>Header Files</Filter>
    </ClInclude>
    <ClInclude Include="includes\sol\as_returns.hpp">
      <Filter>Header Files</Filter>
    </ClInclude>
    <ClInclude Include="includes\sol\base_traits.hpp">
      <Filter>Header Files</Filter>
    </ClInclude>
    <ClInclude Include="includes\sol\bind_traits.hpp">
      <Filter>Header Files</Filter>
    </ClInclude>
    <ClInclude Include="includes\sol\bytecode.hpp">
      <Filter>Header Files</Filter>
    </ClInclude>
    <ClInclude Include="includes\sol\call.hpp">
      <Filter>Header Files</Filter>
    </ClInclude>
    <ClInclude Include="includes\sol\compatibility\compat-5.3.c.h">
      <Filter>Header Files</Filter>
    </ClInclude>
    <ClInclude Include="includes\sol\compatibility\compat-5.3.h">
      <Filter>Header Files</Filter>
    </ClInclude>
    <ClInclude Include="includes\sol\compatibility\compat-5.4.h">
      <Filter>Header Files</Filter>
    </ClInclude>
    <ClInclude Include="includes\sol\compatibility\lua_version.hpp">
      <Filter>Header Files</Filter>
    </ClInclude>
    <ClInclude Include="includes\sol\compatibility.hpp">
      <Filter>Header Files</Filter>
    </ClInclude>
    <ClInclude Include="includes\sol\config.hpp">
      <Filter>Header Files</Filter>
    </ClInclude>
    <ClInclude Include="includes\sol\coroutine.hpp">
      <Filter>Header Files</Filter>
    </ClInclude>
    <ClInclude Include="includes\sol\debug.hpp">
      <Filter>Header Files</Filter>
    </ClInclude>
    <ClInclude Include="includes\sol\demangle.hpp">
      <Filter>Header Files</Filter>
    </ClInclude>
    <ClInclude Include="includes\sol\deprecate.hpp">
      <Filter>Header Files</Filter>
    </ClInclude>
    <ClInclude Include="includes\sol\detail\build_version.hpp">
      <Filter>Header Files</Filter>
    </ClInclude>
    <ClInclude Include="includes\sol\dump_handler.hpp">
      <Filter>Header Files</Filter>
    </ClInclude>
    <ClInclude Include="includes\sol\ebco.hpp">
      <Filter>Header Files</Filter>
    </ClInclude>
    <ClInclude Include="includes\sol\environment.hpp">
      <Filter>Header Files</Filter>
    </ClInclude>
    <ClInclude Include="includes\sol\epilogue.hpp">
      <Filter>Header Files</Filter>
    </ClInclude>
    <ClInclude Include="includes\sol\error.hpp">
      <Filter>Header Files</Filter>
    </ClInclude>
    <ClInclude Include="includes\sol\error_handler.hpp">
      <Filter>Header Files</Filter>
    </ClInclude>
    <ClInclude Include="includes\sol\forward.hpp">
      <Filter>Header Files</Filter>
    </ClInclude>
    <ClInclude Include="includes\sol\forward_as.hpp">
      <Filter>Header Files</Filter>
    </ClInclude>
    <ClInclude Include="includes\sol\forward_detail.hpp">
      <Filter>Header Files</Filter>
    </ClInclude>
    <ClInclude Include="includes\sol\function.hpp">
      <Filter>Header Files</Filter>
    </ClInclude>
    <ClInclude Include="includes\sol\function_result.hpp">
      <Filter>Header Files</Filter>
    </ClInclude>
    <ClInclude Include="includes\sol\function_types.hpp">
      <Filter>Header Files</Filter>
    </ClInclude>
    <ClInclude Include="includes\sol\function_types_core.hpp">
      <Filter>Header Files</Filter>
    </ClInclude>
    <ClInclude Include="includes\sol\function_types_overloaded.hpp">
      <Filter>Header Files</Filter>
    </ClInclude>
    <ClInclude Include="includes\sol\function_types_stateful.hpp">
      <Filter>Header Files</Filter>
    </ClInclude>
    <ClInclude Include="includes\sol\function_types_stateless.hpp">
      <Filter>Header Files</Filter>
    </ClInclude>
    <ClInclude Include="includes\sol\function_types_templated.hpp">
      <Filter>Header Files</Filter>
    </ClInclude>
    <ClInclude Include="includes\sol\inheritance.hpp">
      <Filter>Header Files</Filter>
    </ClInclude>
    <ClInclude Include="includes\sol\in_place.hpp">
      <Filter>Header Files</Filter>
    </ClInclude>
    <ClInclude Include="includes\sol\load_result.hpp">
      <Filter>Header Files</Filter>
    </ClInclude>
    <ClInclude Include="includes\sol\lua_table.hpp">
      <Filter>Header Files</Filter>
    </ClInclude>
    <ClInclude Include="includes\sol\lua_value.hpp">
      <Filter>Header Files</Filter>
    </ClInclude>
    <ClInclude Include="includes\sol\make_reference.hpp">
      <Filter>Header Files</Filter>
    </ClInclude>
    <ClInclude Include="includes\sol\metatable.hpp">
      <Filter>Header Files</Filter>
    </ClInclude>
    <ClInclude Include="includes\sol\object.hpp">
      <Filter>Header Files</Filter>
    </ClInclude>
    <ClInclude Include="includes\sol\object_base.hpp">
      <Filter>Header Files</Filter>
    </ClInclude>
    <ClInclude Include="includes\sol\optional.hpp">
      <Filter>Header Files</Filter>
    </ClInclude>
    <ClInclude Include="includes\sol\optional_implementation.hpp">
      <Filter>Header Files</Filter>
    </ClInclude>
    <ClInclude Include="includes\sol\overload.hpp">
      <Filter>Header Files</Filter>
    </ClInclude>
    <ClInclude Include="includes\sol\packaged_coroutine.hpp">
      <Filter>Header Files</Filter>
    </ClInclude>
    <ClInclude Include="includes\sol\pairs_iterator.hpp">
      <Filter>Header Files</Filter>
    </ClInclude>
    <ClInclude Include="includes\sol\pointer_like.hpp">
      <Filter>Header Files</Filter>
    </ClInclude>
    <ClInclude Include="includes\sol\policies.hpp">
      <Filter>Header Files</Filter>
    </ClInclude>
    <ClInclude Include="includes\sol\prologue.hpp">
      <Filter>Header Files</Filter>
    </ClInclude>
    <ClInclude Include="includes\sol\property.hpp">
      <Filter>Header Files</Filter>
    </ClInclude>
    <ClInclude Include="includes\sol\protect.hpp">
      <Filter>Header Files</Filter>
    </ClInclude>
    <ClInclude Include="includes\sol\protected_function.hpp">
      <Filter>Header Files</Filter>
    </ClInclude>
    <ClInclude Include="includes\sol\protected_function_result.hpp">
      <Filter>Header Files</Filter>
    </ClInclude>
    <ClInclude Include="includes\sol\protected_handler.hpp">
      <Filter>Header Files</Filter>
    </ClInclude>
    <ClInclude Include="includes\sol\proxy_base.hpp">
      <Filter>Header Files</Filter>
    </ClInclude>
    <ClInclude Include="includes\sol\raii.hpp">
      <Filter>Header Files</Filter>
    </ClInclude>
    <ClInclude Include="includes\sol\reference.hpp">
      <Filter>Header Files</Filter>
    </ClInclude>
    <ClInclude Include="includes\sol\resolve.hpp">
      <Filter>Header Files</Filter>
    </ClInclude>
    <ClInclude Include="includes\sol\sol.hpp">
      <Filter>Header Files</Filter>
    </ClInclude>
    <ClInclude Include="includes\sol\stack\detail\pairs.hpp">
      <Filter>Header Files</Filter>
    </ClInclude>
    <ClInclude Include="includes\sol\stack.hpp">
      <Filter>Header Files</Filter>
    </ClInclude>
    <ClInclude Include="includes\sol\stack_check.hpp">
      <Filter>Header Files</Filter>
    </ClInclude>
    <ClInclude Include="includes\sol\stack_check_get.hpp">
      <Filter>Header Files</Filter>
    </ClInclude>
    <ClInclude Include="includes\sol\stack_check_get_qualified.hpp">
      <Filter>Header Files</Filter>
    </ClInclude>
    <ClInclude Include="includes\sol\stack_check_get_unqualified.hpp">
      <Filter>Header Files</Filter>
    </ClInclude>
    <ClInclude Include="includes\sol\stack_check_qualified.hpp">
      <Filter>Header Files</Filter>
    </ClInclude>
    <ClInclude Include="includes\sol\stack_check_unqualified.hpp">
      <Filter>Header Files</Filter>
    </ClInclude>
    <ClInclude Include="includes\sol\stack_core.hpp">
      <Filter>Header Files</Filter>
    </ClInclude>
    <ClInclude Include="includes\sol\stack_field.hpp">
      <Filter>Header Files</Filter>
    </ClInclude>
    <ClInclude Include="includes\sol\stack_get.hpp">
      <Filter>Header Files</Filter>
    </ClInclude>
    <ClInclude Include="includes\sol\stack_get_qualified.hpp">
      <Filter>Header Files</Filter>
    </ClInclude>
    <ClInclude Include="includes\sol\stack_get_unqualified.hpp">
      <Filter>Header Files</Filter>
    </ClInclude>
    <ClInclude Include="includes\sol\stack_guard.hpp">
      <Filter>Header Files</Filter>
    </ClInclude>
    <ClInclude Include="includes\sol\stack_iterator.hpp">
      <Filter>Header Files</Filter>
    </ClInclude>
    <ClInclude Include="includes\sol\stack_pop.hpp">
      <Filter>Header Files</Filter>
    </ClInclude>
    <ClInclude Include="includes\sol\stack_probe.hpp">
      <Filter>Header Files</Filter>
    </ClInclude>
    <ClInclude Include="includes\sol\stack_proxy.hpp">
      <Filter>Header Files</Filter>
    </ClInclude>
    <ClInclude Include="includes\sol\stack_proxy_base.hpp">
      <Filter>Header Files</Filter>
    </ClInclude>
    <ClInclude Include="includes\sol\stack_push.hpp">
      <Filter>Header Files</Filter>
    </ClInclude>
    <ClInclude Include="includes\sol\stack_reference.hpp">
      <Filter>Header Files</Filter>
    </ClInclude>
    <ClInclude Include="includes\sol\state.hpp">
      <Filter>Header Files</Filter>
    </ClInclude>
    <ClInclude Include="includes\sol\state_handling.hpp">
      <Filter>Header Files</Filter>
    </ClInclude>
    <ClInclude Include="includes\sol\state_view.hpp">
      <Filter>Header Files</Filter>
    </ClInclude>
    <ClInclude Include="includes\sol\string_view.hpp">
      <Filter>Header Files</Filter>
    </ClInclude>
    <ClInclude Include="includes\sol\table.hpp">
      <Filter>Header Files</Filter>
    </ClInclude>
    <ClInclude Include="includes\sol\table_core.hpp">
      <Filter>Header Files</Filter>
    </ClInclude>
    <ClInclude Include="includes\sol\table_iterator.hpp">
      <Filter>Header Files</Filter>
    </ClInclude>
    <ClInclude Include="includes\sol\table_proxy.hpp">
      <Filter>Header Files</Filter>
    </ClInclude>
    <ClInclude Include="includes\sol\thread.hpp">
      <Filter>Header Files</Filter>
    </ClInclude>
    <ClInclude Include="includes\sol\tie.hpp">
      <Filter>Header Files</Filter>
    </ClInclude>
    <ClInclude Include="includes\sol\traits.hpp">
      <Filter>Header Files</Filter>
    </ClInclude>
    <ClInclude Include="includes\sol\trampoline.hpp">
      <Filter>Header Files</Filter>
    </ClInclude>
    <ClInclude Include="includes\sol\tuple.hpp">
      <Filter>Header Files</Filter>
    </ClInclude>
    <ClInclude Include="includes\sol\types.hpp">
      <Filter>Header Files</Filter>
    </ClInclude>
    <ClInclude Include="includes\sol\unicode.hpp">
      <Filter>Header Files</Filter>
    </ClInclude>
    <ClInclude Include="includes\sol\unique_usertype_traits.hpp">
      <Filter>Header Files</Filter>
    </ClInclude>
    <ClInclude Include="includes\sol\unreachable.hpp">
      <Filter>Header Files</Filter>
    </ClInclude>
    <ClInclude Include="includes\sol\unsafe_function.hpp">
      <Filter>Header Files</Filter>
    </ClInclude>
    <ClInclude Include="includes\sol\unsafe_function_result.hpp">
      <Filter>Header Files</Filter>
    </ClInclude>
    <ClInclude Include="includes\sol\userdata.hpp">
      <Filter>Header Files</Filter>
    </ClInclude>
    <ClInclude Include="includes\sol\usertype.hpp">
      <Filter>Header Files</Filter>
    </ClInclude>
    <ClInclude Include="includes\sol\usertype_container.hpp">
      <Filter>Header Files</Filter>
    </ClInclude>
    <ClInclude Include="includes\sol\usertype_container_launch.hpp">
      <Filter>Header Files</Filter>
    </ClInclude>
    <ClInclude Include="includes\sol\usertype_core.hpp">
      <Filter>Header Files</Filter>
    </ClInclude>
    <ClInclude Include="includes\sol\usertype_proxy.hpp">
      <Filter>Header Files</Filter>
    </ClInclude>
    <ClInclude Include="includes\sol\usertype_storage.hpp">
      <Filter>Header Files</Filter>
    </ClInclude>
    <ClInclude Include="includes\sol\usertype_traits.hpp">
      <Filter>Header Files</Filter>
    </ClInclude>
    <ClInclude Include="includes\sol\utility\is_integer.hpp">
      <Filter>Header Files</Filter>
    </ClInclude>
    <ClInclude Include="includes\sol\utility\to_string.hpp">
      <Filter>Header Files</Filter>
    </ClInclude>
    <ClInclude Include="includes\sol\variadic_args.hpp">
      <Filter>Header Files</Filter>
    </ClInclude>
    <ClInclude Include="includes\sol\variadic_results.hpp">
      <Filter>Header Files</Filter>
    </ClInclude>
    <ClInclude Include="includes\sol\version.hpp">
      <Filter>Header Files</Filter>
    </ClInclude>
    <ClInclude Include="includes\sol\wrapper.hpp">
      <Filter>Header Files</Filter>
    </ClInclude>
    <ClInclude Include="includes\imgui\imconfig.h">
      <Filter>Header Files</Filter>
    </ClInclude>
    <ClInclude Include="includes\imgui\imgui.h">
      <Filter>Header Files</Filter>
    </ClInclude>
    <ClInclude Include="includes\imgui\imgui_impl_dx11.h">
      <Filter>Header Files</Filter>
    </ClInclude>
    <ClInclude Include="includes\imgui\imgui_impl_win32.h">
      <Filter>Header Files</Filter>
    </ClInclude>
    <ClInclude Include="includes\imgui\imgui_internal.h">
      <Filter>Header Files</Filter>
    </ClInclude>
    <ClInclude Include="includes\imgui\imstb_rectpack.h">
      <Filter>Header Files</Filter>
    </ClInclude>
    <ClInclude Include="includes\imgui\imstb_textedit.h">
      <Filter>Header Files</Filter>
    </ClInclude>
    <ClInclude Include="includes\imgui\imstb_truetype.h">
      <Filter>Header Files</Filter>
    </ClInclude>
    <ClInclude Include="Handlers\ImguiHandler.h">
      <Filter>Header Files</Filter>
    </ClInclude>
    <ClInclude Include="Handlers\KeybindHandler.h">
      <Filter>Header Files</Filter>
    </ClInclude>
    <ClInclude Include="includes\lua\lauxlib.h">
      <Filter>Header Files</Filter>
    </ClInclude>
    <ClInclude Include="includes\lua\lcode.h">
      <Filter>Header Files</Filter>
    </ClInclude>
    <ClInclude Include="includes\lua\lctype.h">
      <Filter>Header Files</Filter>
    </ClInclude>
    <ClInclude Include="includes\lua\ldebug.h">
      <Filter>Header Files</Filter>
    </ClInclude>
    <ClInclude Include="includes\lua\ldo.h">
      <Filter>Header Files</Filter>
    </ClInclude>
    <ClInclude Include="includes\lua\lfunc.h">
      <Filter>Header Files</Filter>
    </ClInclude>
    <ClInclude Include="includes\lua\lgc.h">
      <Filter>Header Files</Filter>
    </ClInclude>
    <ClInclude Include="includes\lua\ljumptab.h">
      <Filter>Header Files</Filter>
    </ClInclude>
    <ClInclude Include="includes\lua\llex.h">
      <Filter>Header Files</Filter>
    </ClInclude>
    <ClInclude Include="includes\lua\llimits.h">
      <Filter>Header Files</Filter>
    </ClInclude>
    <ClInclude Include="includes\lua\lmem.h">
      <Filter>Header Files</Filter>
    </ClInclude>
    <ClInclude Include="includes\lua\lobject.h">
      <Filter>Header Files</Filter>
    </ClInclude>
    <ClInclude Include="includes\lua\lopcodes.h">
      <Filter>Header Files</Filter>
    </ClInclude>
    <ClInclude Include="includes\lua\lopnames.h">
      <Filter>Header Files</Filter>
    </ClInclude>
    <ClInclude Include="includes\lua\lparser.h">
      <Filter>Header Files</Filter>
    </ClInclude>
    <ClInclude Include="includes\lua\lprefix.h">
      <Filter>Header Files</Filter>
    </ClInclude>
    <ClInclude Include="includes\lua\lstate.h">
      <Filter>Header Files</Filter>
    </ClInclude>
    <ClInclude Include="includes\lua\lstring.h">
      <Filter>Header Files</Filter>
    </ClInclude>
    <ClInclude Include="includes\lua\ltable.h">
      <Filter>Header Files</Filter>
    </ClInclude>
    <ClInclude Include="includes\lua\ltm.h">
      <Filter>Header Files</Filter>
    </ClInclude>
    <ClInclude Include="includes\lua\lua.h">
      <Filter>Header Files</Filter>
    </ClInclude>
    <ClInclude Include="includes\lua\lua.hpp">
      <Filter>Header Files</Filter>
    </ClInclude>
    <ClInclude Include="includes\lua\luaconf.h">
      <Filter>Header Files</Filter>
    </ClInclude>
    <ClInclude Include="includes\lua\lualib.h">
      <Filter>Header Files</Filter>
    </ClInclude>
    <ClInclude Include="includes\lua\lundump.h">
      <Filter>Header Files</Filter>
    </ClInclude>
    <ClInclude Include="includes\lua\lvm.h">
      <Filter>Header Files</Filter>
    </ClInclude>
    <ClInclude Include="includes\lua\lzio.h">
      <Filter>Header Files</Filter>
    </ClInclude>
    <ClInclude Include="includes\lua\lapi.h">
      <Filter>Header Files</Filter>
    </ClInclude>
    <ClInclude Include="Handlers\DrawingHandler.h">
      <Filter>Header Files</Filter>
    </ClInclude>
    <ClInclude Include="includes\skStr.h">
      <Filter>Header Files</Filter>
    </ClInclude>
  </ItemGroup>
  <ItemGroup>
    <Library Include="libs\lua54.lib" />
  </ItemGroup>
  <ItemGroup>
    <Image Include="Resources\techno.ico">
      <Filter>Resource Files</Filter>
    </Image>
  </ItemGroup>
</Project>